Microsoft Visual Studio Solution File, Format Version 12.00
# Visual Studio Version 17
VisualStudioVersion = 17.5.2.0
MinimumVisualStudioVersion = 10.0.40219.1
Project("{FAE04EC0-301F-11D3-BF4B-00C04F79EFBC}") = "TeamTasksAPI", "TeamTasksAPI.csproj", "{76EFAB70-D87C-B91F-28A4-55AE52252ADA}"
EndProject
Global
	GlobalSection(SolutionConfigurationPlatforms) = preSolution
		Debug|Any CPU = Debug|Any CPU
		Release|Any CPU = Release|Any CPU
	EndGlobalSection
	GlobalSection(ProjectConfigurationPlatforms) = postSolution
		{76EFAB70-D87C-B91F-28A4-55AE52252ADA}.Debug|Any CPU.ActiveCfg = Debug|Any CPU
		{76EFAB70-D87C-B91F-28A4-55AE52252ADA}.Debug|Any CPU.Build.0 = Debug|Any CPU
		{76EFAB70-D87C-B91F-28A4-55AE52252ADA}.Release|Any CPU.ActiveCfg = Release|Any CPU
		{76EFAB70-D87C-B91F-28A4-55AE52252ADA}.Release|Any CPU.Build.0 = Release|Any CPU
	EndGlobalSection
	GlobalSection(SolutionProperties) = preSolution
		HideSolutionNode = FALSE
	EndGlobalSection
	GlobalSection(ExtensibilityGlobals) = postSolution
		SolutionGuid = {365C81DC-1759-4E1E-A1FF-AD69D0BF56B3}
	EndGlobalSection
EndGlobal
